
Microsoft Visual Studio Solution File, Format Version 12.00
# Visual Studio Version 17
VisualStudioVersion = 17.5.2.0
MinimumVisualStudioVersion = 10.0.40219.1
Project("{FAE04EC0-301F-11D3-BF4B-00C04F79EFBC}") = "BlazorApp", "src\BlazorApp\BlazorApp.csproj", "{27F76D72-2B50-69F5-F67F-C21252CFC197}"
EndProject
Project("{FAE04EC0-301F-11D3-BF4B-00C04F79EFBC}") = "BlazorApp.Tests", "BlazorApp.Tests\BlazorApp.Tests.csproj", "{3EDB2B02-D7C1-410C-A572-70ECBD38B0AD}"
EndProject
Project("{FAE04EC0-301F-11D3-BF4B-00C04F79EFBC}") = "BlazorApp.E2ETests", "BlazorApp.E2ETests\BlazorApp.E2ETests.csproj", "{64E25163-381D-45D0-AA37-9A24A132DD16}"
EndProject
Global
	GlobalSection(SolutionConfigurationPlatforms) = preSolution
		Debug|Any CPU = Debug|Any CPU
		Debug|x64 = Debug|x64
		Debug|x86 = Debug|x86
		Release|Any CPU = Release|Any CPU
		Release|x64 = Release|x64
		Release|x86 = Release|x86
	EndGlobalSection
	GlobalSection(ProjectConfigurationPlatforms) = postSolution
		{27F76D72-2B50-69F5-F67F-C21252CFC197}.Debug|Any CPU.ActiveCfg = Debug|Any CPU
		{27F76D72-2B50-69F5-F67F-C21252CFC197}.Debug|Any CPU.Build.0 = Debug|Any CPU
		{27F76D72-2B50-69F5-F67F-C21252CFC197}.Debug|x64.ActiveCfg = Debug|Any CPU
		{27F76D72-2B50-69F5-F67F-C21252CFC197}.Debug|x64.Build.0 = Debug|Any CPU
		{27F76D72-2B50-69F5-F67F-C21252CFC197}.Debug|x86.ActiveCfg = Debug|Any CPU
		{27F76D72-2B50-69F5-F67F-C21252CFC197}.Debug|x86.Build.0 = Debug|Any CPU
		{27F76D72-2B50-69F5-F67F-C21252CFC197}.Release|Any CPU.ActiveCfg = Release|Any CPU
		{27F76D72-2B50-69F5-F67F-C21252CFC197}.Release|Any CPU.Build.0 = Release|Any CPU
		{27F76D72-2B50-69F5-F67F-C21252CFC197}.Release|x64.ActiveCfg = Release|Any CPU
		{27F76D72-2B50-69F5-F67F-C21252CFC197}.Release|x64.Build.0 = Release|Any CPU
		{27F76D72-2B50-69F5-F67F-C21252CFC197}.Release|x86.ActiveCfg = Release|Any CPU
		{27F76D72-2B50-69F5-F67F-C21252CFC197}.Release|x86.Build.0 = Release|Any CPU
		{3EDB2B02-D7C1-410C-A572-70ECBD38B0AD}.Debug|Any CPU.ActiveCfg = Debug|Any CPU
		{3EDB2B02-D7C1-410C-A572-70ECBD38B0AD}.Debug|Any CPU.Build.0 = Debug|Any CPU
		{3EDB2B02-D7C1-410C-A572-70ECBD38B0AD}.Debug|x64.ActiveCfg = Debug|Any CPU
		{3EDB2B02-D7C1-410C-A572-70ECBD38B0AD}.Debug|x64.Build.0 = Debug|Any CPU
		{3EDB2B02-D7C1-410C-A572-70ECBD38B0AD}.Debug|x86.ActiveCfg = Debug|Any CPU
		{3EDB2B02-D7C1-410C-A572-70ECBD38B0AD}.Debug|x86.Build.0 = Debug|Any CPU
		{3EDB2B02-D7C1-410C-A572-70ECBD38B0AD}.Release|Any CPU.ActiveCfg = Release|Any CPU
		{3EDB2B02-D7C1-410C-A572-70ECBD38B0AD}.Release|Any CPU.Build.0 = Release|Any CPU
		{3EDB2B02-D7C1-410C-A572-70ECBD38B0AD}.Release|x64.ActiveCfg = Release|Any CPU
		{3EDB2B02-D7C1-410C-A572-70ECBD38B0AD}.Release|x64.Build.0 = Release|Any CPU
		{3EDB2B02-D7C1-410C-A572-70ECBD38B0AD}.Release|x86.ActiveCfg = Release|Any CPU
		{3EDB2B02-D7C1-410C-A572-70ECBD38B0AD}.Release|x86.Build.0 = Release|Any CPU
		{64E25163-381D-45D0-AA37-9A24A132DD16}.Debug|Any CPU.ActiveCfg = Debug|Any CPU
		{64E25163-381D-45D0-AA37-9A24A132DD16}.Debug|Any CPU.Build.0 = Debug|Any CPU
		{64E25163-381D-45D0-AA37-9A24A132DD16}.Debug|x64.ActiveCfg = Debug|Any CPU
		{64E25163-381D-45D0-AA37-9A24A132DD16}.Debug|x64.Build.0 = Debug|Any CPU
		{64E25163-381D-45D0-AA37-9A24A132DD16}.Debug|x86.ActiveCfg = Debug|Any CPU
		{64E25163-381D-45D0-AA37-9A24A132DD16}.Debug|x86.Build.0 = Debug|Any CPU
		{64E25163-381D-45D0-AA37-9A24A132DD16}.Release|Any CPU.ActiveCfg = Release|Any CPU
		{64E25163-381D-45D0-AA37-9A24A132DD16}.Release|Any CPU.Build.0 = Release|Any CPU
		{64E25163-381D-45D0-AA37-9A24A132DD16}.Release|x64.ActiveCfg = Release|Any CPU
		{64E25163-381D-45D0-AA37-9A24A132DD16}.Release|x64.Build.0 = Release|Any CPU
		{64E25163-381D-45D0-AA37-9A24A132DD16}.Release|x86.ActiveCfg = Release|Any CPU
		{64E25163-381D-45D0-AA37-9A24A132DD16}.Release|x86.Build.0 = Release|Any CPU
	EndGlobalSection
	GlobalSection(SolutionProperties) = preSolution
		HideSolutionNode = FALSE
	EndGlobalSection
	GlobalSection(ExtensibilityGlobals) = postSolution
		SolutionGuid = {A0E19992-91D1-45F7-A006-1C1E22D84C4F}
	EndGlobalSection
EndGlobal
